<?xml version="1.0" encoding="utf-8"?>
<Project ToolsVersion="4.0" xmlns="http://schemas.microsoft.com/developer/msbuild/2003">
  <ItemGroup>
    <Filter Include="Quelldateien">
      <UniqueIdentifier>{4FC737F1-C7A5-4376-A066-2A32D752A2FF}</UniqueIdentifier>
      <Extensions>cpp;c;cc;cxx;c++;cppm;ixx;def;odl;idl;hpj;bat;asm;asmx</Extensions>
    </Filter>
    <Filter Include="Ressourcendateien">
      <UniqueIdentifier>{67DA6AB6-F800-4c08-8B7A-83BB121AAD01}</UniqueIdentifier>
      <Extensions>rc;ico;cur;bmp;dlg;rc2;rct;bin;rgs;gif;jpg;jpeg;jpe;resx;tiff;tif;png;wav;mfcribbon-ms</Extensions>
    </Filter>
  </ItemGroup>
  <ItemGroup>
    <ClCompile Include="orchestrierungMinimalBeispiel.cpp">
      <Filter>Quelldateien</Filter>
    </ClCompile>
    <ClCompile Include="logUtil.cpp">
      <Filter>Quelldateien</Filter>
    </ClCompile>
    <ClCompile Include="util.cpp">
      <Filter>Quelldateien</Filter>
    </ClCompile>
    <ClCompile Include="configFileUtil.cpp">
      <Filter>Quelldateien</Filter>
    </ClCompile>
    <ClCompile Include="opcuaClient.cpp">
      <Filter>Quelldateien</Filter>
    </ClCompile>
    <ClCompile Include="OpcUAException.cpp">
      <Filter>Quelldateien</Filter>
    </ClCompile>
    <ClCompile Include="engine.cpp">
      <Filter>Quelldateien</Filter>
    </ClCompile>
    <ClCompile Include="service.cpp">
      <Filter>Quelldateien</Filter>
    </ClCompile>
    <ClCompile Include="wsdlParser.cpp">
      <Filter>Quelldateien</Filter>
    </ClCompile>
    <ClCompile Include="indexFileParser.cpp">
      <Filter>Quelldateien</Filter>
    </ClCompile>
  </ItemGroup>
  <ItemGroup>
    <ClInclude Include="orchestrierungMinimalBeispiel.h" />
    <ClInclude Include="logUtil.h" />
    <ClInclude Include="util.h" />
    <ClInclude Include="configFileUtil.h" />
    <ClInclude Include="opcuaClient.h" />
    <ClInclude Include="OpcUAException.h" />
    <ClInclude Include="engine.h" />
    <ClInclude Include="service.h" />
    <ClInclude Include="wsdlParser.h" />
    <ClInclude Include="indexFileParser.h" />
  </ItemGroup>
</Project>